
Microsoft Visual Studio Solution File, Format Version 12.00
# Visual Studio 15
VisualStudioVersion = 15.0.27130.2026
MinimumVisualStudioVersion = 10.0.40219.1
Project("{FAE04EC0-301F-11D3-BF4B-00C04F79EFBC}") = "EnrollmentApplication", "EnrollmentApplication\EnrollmentApplication.csproj", "{EDCB0080-0906-4F2B-9682-5B9C535C4426}"
EndProject
Project("{FAE04EC0-301F-11D3-BF4B-00C04F79EFBC}") = "EnrollmentApplication.Tests", "EnrollmentApplication.Tests\EnrollmentApplication.Tests.csproj", "{4631E896-B550-46C0-AF10-93746B6C2093}"
EndProject
Global
	GlobalSection(SolutionConfigurationPlatforms) = preSolution
		Debug|Any CPU = Debug|Any CPU
		Release|Any CPU = Release|Any CPU
	EndGlobalSection
	GlobalSection(ProjectConfigurationPlatforms) = postSolution
		{EDCB0080-0906-4F2B-9682-5B9C535C4426}.Debug|Any CPU.ActiveCfg = Debug|Any CPU
		{EDCB0080-0906-4F2B-9682-5B9C535C4426}.Debug|Any CPU.Build.0 = Debug|Any CPU
		{EDCB0080-0906-4F2B-9682-5B9C535C4426}.Release|Any CPU.ActiveCfg = Release|Any CPU
		{EDCB0080-0906-4F2B-9682-5B9C535C4426}.Release|Any CPU.Build.0 = Release|Any CPU
		{4631E896-B550-46C0-AF10-93746B6C2093}.Debug|Any CPU.ActiveCfg = Debug|Any CPU
		{4631E896-B550-46C0-AF10-93746B6C2093}.Debug|Any CPU.Build.0 = Debug|Any CPU
		{4631E896-B550-46C0-AF10-93746B6C2093}.Release|Any CPU.ActiveCfg = Release|Any CPU
		{4631E896-B550-46C0-AF10-93746B6C2093}.Release|Any CPU.Build.0 = Release|Any CPU
	EndGlobalSection
	GlobalSection(SolutionProperties) = preSolution
		HideSolutionNode = FALSE
	EndGlobalSection
	GlobalSection(ExtensibilityGlobals) = postSolution
		SolutionGuid = {5EC91BAD-7578-4119-83CD-43ED8C49FDD9}
	EndGlobalSection
EndGlobal
